
Microsoft Visual Studio Solution File, Format Version 12.00
# Visual Studio Version 16
VisualStudioVersion = 16.0.30804.86
MinimumVisualStudioVersion = 10.0.40219.1
Project("{9A19103F-16F7-4668-BE54-9A1E7A4F7556}") = "silvia", "silvia.csproj", "{126172B9-74E3-4039-AC65-5DC56BBBF9AA}"
EndProject
Global
	GlobalSection(SolutionConfigurationPlatforms) = preSolution
		Debug|Any CPU = Debug|Any CPU
		Release|Any CPU = Release|Any CPU
	EndGlobalSection
	GlobalSection(ProjectConfigurationPlatforms) = postSolution
		{126172B9-74E3-4039-AC65-5DC56BBBF9AA}.Debug|Any CPU.ActiveCfg = Debug|Any CPU
		{126172B9-74E3-4039-AC65-5DC56BBBF9AA}.Debug|Any CPU.Build.0 = Debug|Any CPU
		{126172B9-74E3-4039-AC65-5DC56BBBF9AA}.Release|Any CPU.ActiveCfg = Release|Any CPU
		{126172B9-74E3-4039-AC65-5DC56BBBF9AA}.Release|Any CPU.Build.0 = Release|Any CPU
	EndGlobalSection
	GlobalSection(SolutionProperties) = preSolution
		HideSolutionNode = FALSE
	EndGlobalSection
	GlobalSection(ExtensibilityGlobals) = postSolution
		SolutionGuid = {708B76CA-6218-4D90-AF69-1D3614CCD9AA}
	EndGlobalSection
EndGlobal
